// !$*UTF8*$!
{
	archiveVersion = 1;
	classes = {
	};
	objectVersion = 48;
	objects = {

/* Begin PBXBuildFile section */
		C75F5A921FAC7C0200A747A5 /* AppDelegate.swift in Sources */ = {isa = PBXBuildFile; fileRef = C75F5A911FAC7C0200A747A5 /* AppDelegate.swift */; };
		C75F5A941FAC7C0200A747A5 /* CollectionViewController.swift in Sources */ = {isa = PBXBuildFile; fileRef = C75F5A931FAC7C0200A747A5 /* CollectionViewController.swift */; };
		C75F5A971FAC7C0200A747A5 /* Main.storyboard in Resources */ = {isa = PBXBuildFile; fileRef = C75F5A951FAC7C0200A747A5 /* Main.storyboard */; };
		C75F5A991FAC7C0200A747A5 /* Assets.xcassets in Resources */ = {isa = PBXBuildFile; fileRef = C75F5A981FAC7C0200A747A5 /* Assets.xcassets */; };
		C75F5A9C1FAC7C0200A747A5 /* LaunchScreen.storyboard in Resources */ = {isa = PBXBuildFile; fileRef = C75F5A9A1FAC7C0200A747A5 /* LaunchScreen.storyboard */; };
		C75F5AA41FACA2EF00A747A5 /* TableViewController.swift in Sources */ = {isa = PBXBuildFile; fileRef = C75F5AA31FACA2EF00A747A5 /* TableViewController.swift */; };
/* End PBXBuildFile section */

/* Begin PBXFileReference section */
		C75F5A8E1FAC7C0200A747A5 /* MovingColorsApp.app */ = {isa = PBXFileReference; explicitFileType = wrapper.application; includeInIndex = 0; path = MovingColorsApp.app; sourceTree = BUILT_PRODUCTS_DIR; };
		C75F5A911FAC7C0200A747A5 /* AppDelegate.swift */ = {isa = PBXFileReference; lastKnownFileType = sourcecode.swift; path = AppDelegate.swift; sourceTree = "<group>"; };
		C75F5A931FAC7C0200A747A5 /* CollectionViewController.swift */ = {isa = PBXFileReference; lastKnownFileType = sourcecode.swift; path = CollectionViewController.swift; sourceTree = "<group>"; };
		C75F5A961FAC7C0200A747A5 /* Base */ = {isa = PBXFileReference; lastKnownFileType = file.storyboard; name = Base; path = Base.lproj/Main.storyboard; sourceTree = "<group>"; };
		C75F5A981FAC7C0200A747A5 /* Assets.xcassets */ = {isa = PBXFileReference; lastKnownFileType = folder.assetcatalog; path = Assets.xcassets; sourceTree = "<group>"; };
		C75F5A9B1FAC7C0200A747A5 /* Base */ = {isa = PBXFileReference; lastKnownFileType = file.storyboard; name = Base; path = Base.lproj/LaunchScreen.storyboard; sourceTree = "<group>"; };
		C75F5A9D1FAC7C0200A747A5 /* Info.plist */ = {isa = PBXFileReference; lastKnownFileType = text.plist.xml; path = Info.plist; sourceTree = "<group>"; };
		C75F5AA31FACA2EF00A747A5 /* TableViewController.swift */ = {isa = PBXFileReference; lastKnownFileType = sourcecode.swift; path = TableViewController.swift; sourceTree = "<group>"; };
/* End PBXFileReference section */

/* Begin PBXFrameworksBuildPhase section */
		C75F5A8B1FAC7C0200A747A5 /* Frameworks */ = {
			isa = PBXFrameworksBuildPhase;
			buildActionMask = 2147483647;
			files = (
			);
			runOnlyForDeploymentPostprocessing = 0;
		};
/* End PBXFrameworksBuildPhase section */

/* Begin PBXGroup section */
		C75F5A851FAC7C0200A747A5 = {
			isa = PBXGroup;
			children = (
				C75F5A901FAC7C0200A747A5 /* MovingColorsApp */,
				C75F5A8F1FAC7C0200A747A5 /* Products */,
			);
			sourceTree = "<group>";
		};
		C75F5A8F1FAC7C0200A747A5 /* Products */ = {
			isa = PBXGroup;
			children = (
				C75F5A8E1FAC7C0200A747A5 /* MovingColorsApp.app */,
			);
			name = Products;
			sourceTree = "<group>";
		};
		C75F5A901FAC7C0200A747A5 /* MovingColorsApp */ = {
			isa = PBXGroup;
			children = (
				C75F5A911FAC7C0200A747A5 /* AppDelegate.swift */,
				C75F5AA31FACA2EF00A747A5 /* TableViewController.swift */,
				C75F5A931FAC7C0200A747A5 /* CollectionViewController.swift */,
				C75F5A951FAC7C0200A747A5 /* Main.storyboard */,
				C75F5A981FAC7C0200A747A5 /* Assets.xcassets */,
				C75F5A9A1FAC7C0200A747A5 /* LaunchScreen.storyboard */,
				C75F5A9D1FAC7C0200A747A5 /* Info.plist */,
			);
			path = MovingColorsApp;
			sourceTree = "<group>";
		};
/* End PBXGroup section */

/* Begin PBXNativeTarget section */
		C75F5A8D1FAC7C0200A747A5 /* MovingColorsApp */ = {
			isa = PBXNativeTarget;
			buildConfigurationList = C75F5AA01FAC7C0200A747A5 /* Build configuration list for PBXNativeTarget "MovingColorsApp" */;
			buildPhases = (
				C75F5A8A1FAC7C0200A747A5 /* Sources */,
				C75F5A8B1FAC7C0200A747A5 /* Frameworks */,
				C75F5A8C1FAC7C0200A747A5 /* Resources */,
			);
			buildRules = (
			);
			dependencies = (
			);
			name = MovingColorsApp;
			productName = MovingColorsApp;
			productReference = C75F5A8E1FAC7C0200A747A5 /* MovingColorsApp.app */;
			productType = "com.apple.product-type.application";
		};
/* End PBXNativeTarget section */

/* Begin PBXProject section */
		C75F5A861FAC7C0200A747A5 /* Project object */ = {
			isa = PBXProject;
			attributes = {
				LastSwiftUpdateCheck = 0910;
				LastUpgradeCheck = 0910;
				ORGANIZATIONNAME = Imanou;
				TargetAttributes = {
					C75F5A8D1FAC7C0200A747A5 = {
						CreatedOnToolsVersion = 9.1;
						ProvisioningStyle = Automatic;
					};
				};
			};
			buildConfigurationList = C75F5A891FAC7C0200A747A5 /* Build configuration list for PBXProject "MovingColorsApp" */;
			compatibilityVersion = "Xcode 8.0";
			developmentRegion = en;
			hasScannedForEncodings = 0;
			knownRegions = (
				en,
				Base,
			);
			mainGroup = C75F5A851FAC7C0200A747A5;
			productRefGroup = C75F5A8F1FAC7C0200A747A5 /* Products */;
			projectDirPath = "";
			projectRoot = "";
			targets = (
				C75F5A8D1FAC7C0200A747A5 /* MovingColorsApp */,
			);
		};
/* End PBXProject section */

/* Begin PBXResourcesBuildPhase section */
		C75F5A8C1FAC7C0200A747A5 /* Resources */ = {
			isa = PBXResourcesBuildPhase;
			buildActionMask = 2147483647;
			files = (
				C75F5A9C1FAC7C0200A747A5 /* LaunchScreen.storyboard in Resources */,
				C75F5A991FAC7C0200A747A5 /* Assets.xcassets in Resources */,
				C75F5A971FAC7C0200A747A5 /* Main.storyboard in Resources */,
			);
			runOnlyForDeploymentPostprocessing = 0;
		};
/* End PBXResourcesBuildPhase section */

/* Begin PBXSourcesBuildPhase section */
		C75F5A8A1FAC7C0200A747A5 /* Sources */ = {
			isa = PBXSourcesBuildPhase;
			buildActionMask = 2147483647;
			files = (
				C75F5A941FAC7C0200A747A5 /* CollectionViewController.swift in Sources */,
				C75F5AA41FACA2EF00A747A5 /* TableViewController.swift in Sources */,
				C75F5A921FAC7C0200A747A5 /* AppDelegate.swift in Sources */,
			);
			runOnlyForDeploymentPostprocessing = 0;
		};
/* End PBXSourcesBuildPhase section */

/* Begin PBXVariantGroup section */
		C75F5A951FAC7C0200A747A5 /* Main.storyboard */ = {
			isa = PBXVariantGroup;
			children = (
				C75F5A961FAC7C0200A747A5 /* Base */,
			);
			name = Main.storyboard;
			sourceTree = "<group>";
		};
		C75F5A9A1FAC7C0200A747A5 /* LaunchScreen.storyboard */ = {
			isa = PBXVariantGroup;
			children = (
				C75F5A9B1FAC7C0200A747A5 /* Base */,
			);
			name = LaunchScreen.storyboard;
			sourceTree = "<group>";
		};
/* End PBXVariantGroup section */

/* Begin XCBuildConfiguration section */
		C75F5A9E1FAC7C0200A747A5 /* Debug */ = {
			isa = XCBuildConfiguration;
			buildSettings = {
				ALWAYS_SEARCH_USER_PATHS = NO;
				CLANG_ANALYZER_NONNULL = YES;
				CLANG_ANALYZER_NUMBER_OBJECT_CONVERSION = YES_AGGRESSIVE;
				CLANG_CXX_LANGUAGE_STANDARD = "gnu++14";
				CLANG_CXX_LIBRARY = "libc++";
				CLANG_ENABLE_MODULES = YES;
				CLANG_ENABLE_OBJC_ARC = YES;
				CLANG_WARN_BLOCK_CAPTURE_AUTORELEASING = YES;
				CLANG_WARN_BOOL_CONVERSION = YES;
				CLANG_WARN_COMMA = YES;
				CLANG_WARN_CONSTANT_CONVERSION = YES;
				CLANG_WARN_DIRECT_OBJC_ISA_USAGE = YES_ERROR;
				CLANG_WARN_DOCUMENTATION_COMMENTS = YES;
				CLANG_WARN_EMPTY_BODY = YES;
				CLANG_WARN_ENUM_CONVERSION = YES;
				CLANG_WARN_INFINITE_RECURSION = YES;
				CLANG_WARN_INT_CONVERSION = YES;
				CLANG_WARN_NON_LITERAL_NULL_CONVERSION = YES;
				CLANG_WARN_OBJC_LITERAL_CONVERSION = YES;
				CLANG_WARN_OBJC_ROOT_CLASS = YES_ERROR;
				CLANG_WARN_RANGE_LOOP_ANALYSIS = YES;
				CLANG_WARN_STRICT_PROTOTYPES = YES;
				CLANG_WARN_SUSPICIOUS_MOVE = YES;
				CLANG_WARN_UNGUARDED_AVAILABILITY = YES_AGGRESSIVE;
				CLANG_WARN_UNREACHABLE_CODE = YES;
				CLANG_WARN__DUPLICATE_METHOD_MATCH = YES;
				CODE_SIGN_IDENTITY = "iPhone Developer";
				COPY_PHASE_STRIP = NO;
				DEBUG_INFORMATION_FORMAT = dwarf;
				ENABLE_STRICT_OBJC_MSGSEND = YES;
				ENABLE_TESTABILITY = YES;
				GCC_C_LANGUAGE_STANDARD = gnu11;
				GCC_DYNAMIC_NO_PIC = NO;
				GCC_NO_COMMON_BLOCKS = YES;
				GCC_OPTIMIZATION_LEVEL = 0;
				GCC_PREPROCESSOR_DEFINITIONS = (
					"DEBUG=1",
					"$(inherited)",
				);
				GCC_WARN_64_TO_32_BIT_CONVERSION = YES;
				GCC_WARN_ABOUT_RETURN_TYPE = YES_ERROR;
				GCC_WARN_UNDECLARED_SELECTOR = YES;
				GCC_WARN_UNINITIALIZED_AUTOS = YES_AGGRESSIVE;
				GCC_WARN_UNUSED_FUNCTION = YES;
				GCC_WARN_UNUSED_VARIABLE = YES;
				IPHONEOS_DEPLOYMENT_TARGET = 11.0;
				MTL_ENABLE_DEBUG_INFO = YES;
				ONLY_ACTIVE_ARCH = YES;
				SDKROOT = iphoneos;
				SWIFT_ACTIVE_COMPILATION_CONDITIONS = DEBUG;
				SWIFT_OPTIMIZATION_LEVEL = "-Onone";
			};
			name = Debug;
		};
		C75F5A9F1FAC7C0200A747A5 /* Release */ = {
			isa = XCBuildConfiguration;
			buildSettings = {
				ALWAYS_SEARCH_USER_PATHS = NO;
				CLANG_ANALYZER_NONNULL = YES;
				CLANG_ANALYZER_NUMBER_OBJECT_CONVERSION = YES_AGGRESSIVE;
				CLANG_CXX_LANGUAGE_STANDARD = "gnu++14";
				CLANG_CXX_LIBRARY = "libc++";
				CLANG_ENABLE_MODULES = YES;
				CLANG_ENABLE_OBJC_ARC = YES;
				CLANG_WARN_BLOCK_CAPTURE_AUTORELEASING = YES;
				CLANG_WARN_BOOL_CONVERSION = YES;
				CLANG_WARN_COMMA = YES;
				CLANG_WARN_CONSTANT_CONVERSION = YES;
				CLANG_WARN_DIRECT_OBJC_ISA_USAGE = YES_ERROR;
				CLANG_WARN_DOCUMENTATION_COMMENTS = YES;
				CLANG_WARN_EMPTY_BODY = YES;
				CLANG_WARN_ENUM_CONVERSION = YES;
				CLANG_WARN_INFINITE_RECURSION = YES;
				CLANG_WARN_INT_CONVERSION = YES;
				CLANG_WARN_NON_LITERAL_NULL_CONVERSION = YES;
				CLANG_WARN_OBJC_LITERAL_CONVERSION = YES;
				CLANG_WARN_OBJC_ROOT_CLASS = YES_ERROR;
				CLANG_WARN_RANGE_LOOP_ANALYSIS = YES;
				CLANG_WARN_STRICT_PROTOTYPES = YES;
				CLANG_WARN_SUSPICIOUS_MOVE = YES;
				CLANG_WARN_UNGUARDED_AVAILABILITY = YES_AGGRESSIVE;
				CLANG_WARN_UNREACHABLE_CODE = YES;
				CLANG_WARN__DUPLICATE_METHOD_MATCH = YES;
				CODE_SIGN_IDENTITY = "iPhone Developer";
				COPY_PHASE_STRIP = NO;
				DEBUG_INFORMATION_FORMAT = "dwarf-with-dsym";
				ENABLE_NS_ASSERTIONS = NO;
				ENABLE_STRICT_OBJC_MSGSEND = YES;
				GCC_C_LANGUAGE_STANDARD = gnu11;
				GCC_NO_COMMON_BLOCKS = YES;
				GCC_WARN_64_TO_32_BIT_CONVERSION = YES;
				GCC_WARN_ABOUT_RETURN_TYPE = YES_ERROR;
				GCC_WARN_UNDECLARED_SELECTOR = YES;
				GCC_WARN_UNINITIALIZED_AUTOS = YES_AGGRESSIVE;
				GCC_WARN_UNUSED_FUNCTION = YES;
				GCC_WARN_UNUSED_VARIABLE = YES;
				IPHONEOS_DEPLOYMENT_TARGET = 11.0;
				MTL_ENABLE_DEBUG_INFO = NO;
				SDKROOT = iphoneos;
				SWIFT_OPTIMIZATION_LEVEL = "-Owholemodule";
				VALIDATE_PRODUCT = YES;
			};
			name = Release;
		};
		C75F5AA11FAC7C0200A747A5 /* Debug */ = {
			isa = XCBuildConfiguration;
			buildSettings = {
				ASSETCATALOG_COMPILER_APPICON_NAME = AppIcon;
				CODE_SIGN_STYLE = Automatic;
				DEVELOPMENT_TEAM = 67ZL68PX9A;
				INFOPLIST_FILE = MovingColorsApp/Info.plist;
				IPHONEOS_DEPLOYMENT_TARGET = 11.0;
				LD_RUNPATH_SEARCH_PATHS = "$(inherited) @executable_path/Frameworks";
				PRODUCT_BUNDLE_IDENTIFIER = com.imanoupetit.MovingColorsApp;
				PRODUCT_NAME = "$(TARGET_NAME)";
				SWIFT_VERSION = 4.0;
				TARGETED_DEVICE_FAMILY = "1,2";
			};
			name = Debug;
		};
		C75F5AA21FAC7C0200A747A5 /* Release */ = {
			isa = XCBuildConfiguration;
			buildSettings = {
				ASSETCATALOG_COMPILER_APPICON_NAME = AppIcon;
				CODE_SIGN_STYLE = Automatic;
				DEVELOPMENT_TEAM = 67ZL68PX9A;
				INFOPLIST_FILE = MovingColorsApp/Info.plist;
				IPHONEOS_DEPLOYMENT_TARGET = 11.0;
				LD_RUNPATH_SEARCH_PATHS = "$(inherited) @executable_path/Frameworks";
				PRODUCT_BUNDLE_IDENTIFIER = com.imanoupetit.MovingColorsApp;
				PRODUCT_NAME = "$(TARGET_NAME)";
				SWIFT_VERSION = 4.0;
				TARGETED_DEVICE_FAMILY = "1,2";
			};
			name = Release;
		};
/* End XCBuildConfiguration section */

/* Begin XCConfigurationList section */
		C75F5A891FAC7C0200A747A5 /* Build configuration list for PBXProject "MovingColorsApp" */ = {
			isa = XCConfigurationList;
			buildConfigurations = (
				C75F5A9E1FAC7C0200A747A5 /* Debug */,
				C75F5A9F1FAC7C0200A747A5 /* Release */,
			);
			defaultConfigurationIsVisible = 0;
			defaultConfigurationName = Release;
		};
		C75F5AA01FAC7C0200A747A5 /* Build configuration list for PBXNativeTarget "MovingColorsApp" */ = {
			isa = XCConfigurationList;
			buildConfigurations = (
				C75F5AA11FAC7C0200A747A5 /* Debug */,
				C75F5AA21FAC7C0200A747A5 /* Release */,
			);
			defaultConfigurationIsVisible = 0;
			defaultConfigurationName = Release;
		};
/* End XCConfigurationList section */
	};
	rootObject = C75F5A861FAC7C0200A747A5 /* Project object */;
}
